// !$*UTF8*$!
{
	archiveVersion = 1;
	classes = {
	};
	objectVersion = 46;
	objects = {

/* Begin PBXBuildFile section */
		741990201CC777B800F55FFC /* main.m in Sources */ = {isa = PBXBuildFile; fileRef = 7419901F1CC777B800F55FFC /* main.m */; };
		741990231CC777B800F55FFC /* AppDelegate.m in Sources */ = {isa = PBXBuildFile; fileRef = 741990221CC777B800F55FFC /* AppDelegate.m */; };
		741990291CC777B800F55FFC /* Main.storyboard in Resources */ = {isa = PBXBuildFile; fileRef = 741990271CC777B800F55FFC /* Main.storyboard */; };
		7419902B1CC777B800F55FFC /* Assets.xcassets in Resources */ = {isa = PBXBuildFile; fileRef = 7419902A1CC777B800F55FFC /* Assets.xcassets */; };
		7419902E1CC777B800F55FFC /* LaunchScreen.storyboard in Resources */ = {isa = PBXBuildFile; fileRef = 7419902C1CC777B800F55FFC /* LaunchScreen.storyboard */; };
		741990391CC77A0500F55FFC /* WFARootViewController.m in Sources */ = {isa = PBXBuildFile; fileRef = 741990381CC77A0500F55FFC /* WFARootViewController.m */; };
		7419903F1CC77CF100F55FFC /* WFAForecastCollectionViewCell.m in Sources */ = {isa = PBXBuildFile; fileRef = 7419903D1CC77CF100F55FFC /* WFAForecastCollectionViewCell.m */; };
		741990401CC77CF100F55FFC /* WFAForecastCollectionViewCell.xib in Resources */ = {isa = PBXBuildFile; fileRef = 7419903E1CC77CF100F55FFC /* WFAForecastCollectionViewCell.xib */; };
		9535FCDAEC5011D9B583C4AC /* libPods-weather.a in Frameworks */ = {isa = PBXBuildFile; fileRef = 47ED0008FAD60F857960BB70 /* libPods-weather.a */; };
/* End PBXBuildFile section */

/* Begin PBXFileReference section */
		0630840E9FFBD9B248472414 /* Pods-weather.debug.xcconfig */ = {isa = PBXFileReference; includeInIndex = 1; lastKnownFileType = text.xcconfig; name = "Pods-weather.debug.xcconfig"; path = "Pods/Target Support Files/Pods-weather/Pods-weather.debug.xcconfig"; sourceTree = "<group>"; };
		47ED0008FAD60F857960BB70 /* libPods-weather.a */ = {isa = PBXFileReference; explicitFileType = archive.ar; includeInIndex = 0; path = "libPods-weather.a"; sourceTree = BUILT_PRODUCTS_DIR; };
		51ADBA23A68CE7443CE03206 /* Pods-weather.release.xcconfig */ = {isa = PBXFileReference; includeInIndex = 1; lastKnownFileType = text.xcconfig; name = "Pods-weather.release.xcconfig"; path = "Pods/Target Support Files/Pods-weather/Pods-weather.release.xcconfig"; sourceTree = "<group>"; };
		7419901B1CC777B800F55FFC /* weather.app */ = {isa = PBXFileReference; explicitFileType = wrapper.application; includeInIndex = 0; path = weather.app; sourceTree = BUILT_PRODUCTS_DIR; };
		7419901F1CC777B800F55FFC /* main.m */ = {isa = PBXFileReference; lastKnownFileType = sourcecode.c.objc; path = main.m; sourceTree = "<group>"; };
		741990211CC777B800F55FFC /* AppDelegate.h */ = {isa = PBXFileReference; lastKnownFileType = sourcecode.c.h; path = AppDelegate.h; sourceTree = "<group>"; };
		741990221CC777B800F55FFC /* AppDelegate.m */ = {isa = PBXFileReference; lastKnownFileType = sourcecode.c.objc; path = AppDelegate.m; sourceTree = "<group>"; };
		741990281CC777B800F55FFC /* Base */ = {isa = PBXFileReference; lastKnownFileType = file.storyboard; name = Base; path = Base.lproj/Main.storyboard; sourceTree = "<group>"; };
		7419902A1CC777B800F55FFC /* Assets.xcassets */ = {isa = PBXFileReference; lastKnownFileType = folder.assetcatalog; path = Assets.xcassets; sourceTree = "<group>"; };
		7419902D1CC777B800F55FFC /* Base */ = {isa = PBXFileReference; lastKnownFileType = file.storyboard; name = Base; path = Base.lproj/LaunchScreen.storyboard; sourceTree = "<group>"; };
		7419902F1CC777B800F55FFC /* Info.plist */ = {isa = PBXFileReference; lastKnownFileType = text.plist.xml; path = Info.plist; sourceTree = "<group>"; };
		741990371CC77A0500F55FFC /* WFARootViewController.h */ = {isa = PBXFileReference; fileEncoding = 4; lastKnownFileType = sourcecode.c.h; path = WFARootViewController.h; sourceTree = "<group>"; };
		741990381CC77A0500F55FFC /* WFARootViewController.m */ = {isa = PBXFileReference; fileEncoding = 4; lastKnownFileType = sourcecode.c.objc; path = WFARootViewController.m; sourceTree = "<group>"; };
		7419903C1CC77CF100F55FFC /* WFAForecastCollectionViewCell.h */ = {isa = PBXFileReference; fileEncoding = 4; lastKnownFileType = sourcecode.c.h; path = WFAForecastCollectionViewCell.h; sourceTree = "<group>"; };
		7419903D1CC77CF100F55FFC /* WFAForecastCollectionViewCell.m */ = {isa = PBXFileReference; fileEncoding = 4; lastKnownFileType = sourcecode.c.objc; path = WFAForecastCollectionViewCell.m; sourceTree = "<group>"; };
		7419903E1CC77CF100F55FFC /* WFAForecastCollectionViewCell.xib */ = {isa = PBXFileReference; fileEncoding = 4; lastKnownFileType = file.xib; path = WFAForecastCollectionViewCell.xib; sourceTree = "<group>"; };
/* End PBXFileReference section */

/* Begin PBXFrameworksBuildPhase section */
		741990181CC777B800F55FFC /* Frameworks */ = {
			isa = PBXFrameworksBuildPhase;
			buildActionMask = 2147483647;
			files = (
				9535FCDAEC5011D9B583C4AC /* libPods-weather.a in Frameworks */,
			);
			runOnlyForDeploymentPostprocessing = 0;
		};
/* End PBXFrameworksBuildPhase section */

/* Begin PBXGroup section */
		13A28B2DB7138477EB8D2BEB /* Pods */ = {
			isa = PBXGroup;
			children = (
				0630840E9FFBD9B248472414 /* Pods-weather.debug.xcconfig */,
				51ADBA23A68CE7443CE03206 /* Pods-weather.release.xcconfig */,
			);
			name = Pods;
			sourceTree = "<group>";
		};
		741990121CC777B800F55FFC = {
			isa = PBXGroup;
			children = (
				7419901D1CC777B800F55FFC /* weather */,
				7419901C1CC777B800F55FFC /* Products */,
				13A28B2DB7138477EB8D2BEB /* Pods */,
				D59047D5274C20553376EA49 /* Frameworks */,
			);
			sourceTree = "<group>";
		};
		7419901C1CC777B800F55FFC /* Products */ = {
			isa = PBXGroup;
			children = (
				7419901B1CC777B800F55FFC /* weather.app */,
			);
			name = Products;
			sourceTree = "<group>";
		};
		7419901D1CC777B800F55FFC /* weather */ = {
			isa = PBXGroup;
			children = (
				7419903A1CC77CD900F55FFC /* Views */,
				741990351CC779EA00F55FFC /* Controllers */,
				741990211CC777B800F55FFC /* AppDelegate.h */,
				741990221CC777B800F55FFC /* AppDelegate.m */,
				741990271CC777B800F55FFC /* Main.storyboard */,
				7419902A1CC777B800F55FFC /* Assets.xcassets */,
				7419902C1CC777B800F55FFC /* LaunchScreen.storyboard */,
				7419902F1CC777B800F55FFC /* Info.plist */,
				7419901E1CC777B800F55FFC /* Supporting Files */,
			);
			path = weather;
			sourceTree = "<group>";
		};
		7419901E1CC777B800F55FFC /* Supporting Files */ = {
			isa = PBXGroup;
			children = (
				7419901F1CC777B800F55FFC /* main.m */,
			);
			name = "Supporting Files";
			sourceTree = "<group>";
		};
		741990351CC779EA00F55FFC /* Controllers */ = {
			isa = PBXGroup;
			children = (
				741990361CC779EA00F55FFC /* RootViewController */,
			);
			path = Controllers;
			sourceTree = "<group>";
		};
		741990361CC779EA00F55FFC /* RootViewController */ = {
			isa = PBXGroup;
			children = (
				741990371CC77A0500F55FFC /* WFARootViewController.h */,
				741990381CC77A0500F55FFC /* WFARootViewController.m */,
			);
			path = RootViewController;
			sourceTree = "<group>";
		};
		7419903A1CC77CD900F55FFC /* Views */ = {
			isa = PBXGroup;
			children = (
				7419903B1CC77CD900F55FFC /* ForecastCollectionViewCell */,
			);
			path = Views;
			sourceTree = "<group>";
		};
		7419903B1CC77CD900F55FFC /* ForecastCollectionViewCell */ = {
			isa = PBXGroup;
			children = (
				7419903C1CC77CF100F55FFC /* WFAForecastCollectionViewCell.h */,
				7419903D1CC77CF100F55FFC /* WFAForecastCollectionViewCell.m */,
				7419903E1CC77CF100F55FFC /* WFAForecastCollectionViewCell.xib */,
			);
			path = ForecastCollectionViewCell;
			sourceTree = "<group>";
		};
		D59047D5274C20553376EA49 /* Frameworks */ = {
			isa = PBXGroup;
			children = (
				47ED0008FAD60F857960BB70 /* libPods-weather.a */,
			);
			name = Frameworks;
			sourceTree = "<group>";
		};
/* End PBXGroup section */

/* Begin PBXNativeTarget section */
		7419901A1CC777B800F55FFC /* weather */ = {
			isa = PBXNativeTarget;
			buildConfigurationList = 741990321CC777B800F55FFC /* Build configuration list for PBXNativeTarget "weather" */;
			buildPhases = (
				DF7667538483DE81202A4ED4 /* Check Pods Manifest.lock */,
				741990171CC777B800F55FFC /* Sources */,
				741990181CC777B800F55FFC /* Frameworks */,
				741990191CC777B800F55FFC /* Resources */,
				A252D993C437E7C8C404F4FB /* Embed Pods Frameworks */,
				5F62E913CC90FBBD13A08FBF /* Copy Pods Resources */,
			);
			buildRules = (
			);
			dependencies = (
			);
			name = weather;
			productName = weather;
			productReference = 7419901B1CC777B800F55FFC /* weather.app */;
			productType = "com.apple.product-type.application";
		};
/* End PBXNativeTarget section */

/* Begin PBXProject section */
		741990131CC777B800F55FFC /* Project object */ = {
			isa = PBXProject;
			attributes = {
				CLASSPREFIX = WFA;
				LastUpgradeCheck = 0730;
				ORGANIZATIONNAME = yberdnikov;
				TargetAttributes = {
					7419901A1CC777B800F55FFC = {
						CreatedOnToolsVersion = 7.3;
					};
				};
			};
			buildConfigurationList = 741990161CC777B800F55FFC /* Build configuration list for PBXProject "weather" */;
			compatibilityVersion = "Xcode 3.2";
			developmentRegion = English;
			hasScannedForEncodings = 0;
			knownRegions = (
				en,
				Base,
			);
			mainGroup = 741990121CC777B800F55FFC;
			productRefGroup = 7419901C1CC777B800F55FFC /* Products */;
			projectDirPath = "";
			projectRoot = "";
			targets = (
				7419901A1CC777B800F55FFC /* weather */,
			);
		};
/* End PBXProject section */

/* Begin PBXResourcesBuildPhase section */
		741990191CC777B800F55FFC /* Resources */ = {
			isa = PBXResourcesBuildPhase;
			buildActionMask = 2147483647;
			files = (
				7419902E1CC777B800F55FFC /* LaunchScreen.storyboard in Resources */,
				7419902B1CC777B800F55FFC /* Assets.xcassets in Resources */,
				741990401CC77CF100F55FFC /* WFAForecastCollectionViewCell.xib in Resources */,
				741990291CC777B800F55FFC /* Main.storyboard in Resources */,
			);
			runOnlyForDeploymentPostprocessing = 0;
		};
/* End PBXResourcesBuildPhase section */

/* Begin PBXShellScriptBuildPhase section */
		5F62E913CC90FBBD13A08FBF /* Copy Pods Resources */ = {
			isa = PBXShellScriptBuildPhase;
			buildActionMask = 2147483647;
			files = (
			);
			inputPaths = (
			);
			name = "Copy Pods Resources";
			outputPaths = (
			);
			runOnlyForDeploymentPostprocessing = 0;
			shellPath = /bin/sh;
			shellScript = "\"${SRCROOT}/Pods/Target Support Files/Pods-weather/Pods-weather-resources.sh\"\n";
			showEnvVarsInLog = 0;
		};
		A252D993C437E7C8C404F4FB /* Embed Pods Frameworks */ = {
			isa = PBXShellScriptBuildPhase;
			buildActionMask = 2147483647;
			files = (
			);
			inputPaths = (
			);
			name = "Embed Pods Frameworks";
			outputPaths = (
			);
			runOnlyForDeploymentPostprocessing = 0;
			shellPath = /bin/sh;
			shellScript = "\"${SRCROOT}/Pods/Target Support Files/Pods-weather/Pods-weather-frameworks.sh\"\n";
			showEnvVarsInLog = 0;
		};
		DF7667538483DE81202A4ED4 /* Check Pods Manifest.lock */ = {
			isa = PBXShellScriptBuildPhase;
			buildActionMask = 2147483647;
			files = (
			);
			inputPaths = (
			);
			name = "Check Pods Manifest.lock";
			outputPaths = (
			);
			runOnlyForDeploymentPostprocessing = 0;
			shellPath = /bin/sh;
			shellScript = "diff \"${PODS_ROOT}/../Podfile.lock\" \"${PODS_ROOT}/Manifest.lock\" > /dev/null\nif [[ $? != 0 ]] ; then\n    cat << EOM\nerror: The sandbox is not in sync with the Podfile.lock. Run 'pod install' or update your CocoaPods installation.\nEOM\n    exit 1\nfi\n";
			showEnvVarsInLog = 0;
		};
/* End PBXShellScriptBuildPhase section */

/* Begin PBXSourcesBuildPhase section */
		741990171CC777B800F55FFC /* Sources */ = {
			isa = PBXSourcesBuildPhase;
			buildActionMask = 2147483647;
			files = (
				741990231CC777B800F55FFC /* AppDelegate.m in Sources */,
				741990391CC77A0500F55FFC /* WFARootViewController.m in Sources */,
				7419903F1CC77CF100F55FFC /* WFAForecastCollectionViewCell.m in Sources */,
				741990201CC777B800F55FFC /* main.m in Sources */,
			);
			runOnlyForDeploymentPostprocessing = 0;
		};
/* End PBXSourcesBuildPhase section */

/* Begin PBXVariantGroup section */
		741990271CC777B800F55FFC /* Main.storyboard */ = {
			isa = PBXVariantGroup;
			children = (
				741990281CC777B800F55FFC /* Base */,
			);
			name = Main.storyboard;
			sourceTree = "<group>";
		};
		7419902C1CC777B800F55FFC /* LaunchScreen.storyboard */ = {
			isa = PBXVariantGroup;
			children = (
				7419902D1CC777B800F55FFC /* Base */,
			);
			name = LaunchScreen.storyboard;
			sourceTree = "<group>";
		};
/* End PBXVariantGroup section */

/* Begin XCBuildConfiguration section */
		741990301CC777B800F55FFC /* Debug */ = {
			isa = XCBuildConfiguration;
			buildSettings = {
				ALWAYS_SEARCH_USER_PATHS = NO;
				CLANG_ANALYZER_NONNULL = YES;
				CLANG_CXX_LANGUAGE_STANDARD = "gnu++0x";
				CLANG_CXX_LIBRARY = "libc++";
				CLANG_ENABLE_MODULES = YES;
				CLANG_ENABLE_OBJC_ARC = YES;
				CLANG_WARN_BOOL_CONVERSION = YES;
				CLANG_WARN_CONSTANT_CONVERSION = YES;
				CLANG_WARN_DIRECT_OBJC_ISA_USAGE = YES_ERROR;
				CLANG_WARN_EMPTY_BODY = YES;
				CLANG_WARN_ENUM_CONVERSION = YES;
				CLANG_WARN_INT_CONVERSION = YES;
				CLANG_WARN_OBJC_ROOT_CLASS = YES_ERROR;
				CLANG_WARN_UNREACHABLE_CODE = YES;
				CLANG_WARN__DUPLICATE_METHOD_MATCH = YES;
				"CODE_SIGN_IDENTITY[sdk=iphoneos*]" = "iPhone Developer";
				COPY_PHASE_STRIP = NO;
				DEBUG_INFORMATION_FORMAT = dwarf;
				ENABLE_STRICT_OBJC_MSGSEND = YES;
				ENABLE_TESTABILITY = YES;
				GCC_C_LANGUAGE_STANDARD = gnu99;
				GCC_DYNAMIC_NO_PIC = NO;
				GCC_NO_COMMON_BLOCKS = YES;
				GCC_OPTIMIZATION_LEVEL = 0;
				GCC_PREPROCESSOR_DEFINITIONS = (
					"DEBUG=1",
					"$(inherited)",
				);
				GCC_WARN_64_TO_32_BIT_CONVERSION = YES;
				GCC_WARN_ABOUT_RETURN_TYPE = YES_ERROR;
				GCC_WARN_UNDECLARED_SELECTOR = YES;
				GCC_WARN_UNINITIALIZED_AUTOS = YES_AGGRESSIVE;
				GCC_WARN_UNUSED_FUNCTION = YES;
				GCC_WARN_UNUSED_VARIABLE = YES;
				IPHONEOS_DEPLOYMENT_TARGET = 9.3;
				MTL_ENABLE_DEBUG_INFO = YES;
				ONLY_ACTIVE_ARCH = YES;
				SDKROOT = iphoneos;
			};
			name = Debug;
		};
		741990311CC777B800F55FFC /* Release */ = {
			isa = XCBuildConfiguration;
			buildSettings = {
				ALWAYS_SEARCH_USER_PATHS = NO;
				CLANG_ANALYZER_NONNULL = YES;
				CLANG_CXX_LANGUAGE_STANDARD = "gnu++0x";
				CLANG_CXX_LIBRARY = "libc++";
				CLANG_ENABLE_MODULES = YES;
				CLANG_ENABLE_OBJC_ARC = YES;
				CLANG_WARN_BOOL_CONVERSION = YES;
				CLANG_WARN_CONSTANT_CONVERSION = YES;
				CLANG_WARN_DIRECT_OBJC_ISA_USAGE = YES_ERROR;
				CLANG_WARN_EMPTY_BODY = YES;
				CLANG_WARN_ENUM_CONVERSION = YES;
				CLANG_WARN_INT_CONVERSION = YES;
				CLANG_WARN_OBJC_ROOT_CLASS = YES_ERROR;
				CLANG_WARN_UNREACHABLE_CODE = YES;
				CLANG_WARN__DUPLICATE_METHOD_MATCH = YES;
				"CODE_SIGN_IDENTITY[sdk=iphoneos*]" = "iPhone Developer";
				COPY_PHASE_STRIP = NO;
				DEBUG_INFORMATION_FORMAT = "dwarf-with-dsym";
				ENABLE_NS_ASSERTIONS = NO;
				ENABLE_STRICT_OBJC_MSGSEND = YES;
				GCC_C_LANGUAGE_STANDARD = gnu99;
				GCC_NO_COMMON_BLOCKS = YES;
				GCC_WARN_64_TO_32_BIT_CONVERSION = YES;
				GCC_WARN_ABOUT_RETURN_TYPE = YES_ERROR;
				GCC_WARN_UNDECLARED_SELECTOR = YES;
				GCC_WARN_UNINITIALIZED_AUTOS = YES_AGGRESSIVE;
				GCC_WARN_UNUSED_FUNCTION = YES;
				GCC_WARN_UNUSED_VARIABLE = YES;
				IPHONEOS_DEPLOYMENT_TARGET = 9.3;
				MTL_ENABLE_DEBUG_INFO = NO;
				SDKROOT = iphoneos;
				VALIDATE_PRODUCT = YES;
			};
			name = Release;
		};
		741990331CC777B800F55FFC /* Debug */ = {
			isa = XCBuildConfiguration;
			baseConfigurationReference = 0630840E9FFBD9B248472414 /* Pods-weather.debug.xcconfig */;
			buildSettings = {
				ASSETCATALOG_COMPILER_APPICON_NAME = AppIcon;
				INFOPLIST_FILE = weather/Info.plist;
				LD_RUNPATH_SEARCH_PATHS = "$(inherited) @executable_path/Frameworks";
				PRODUCT_BUNDLE_IDENTIFIER = com.weather;
				PRODUCT_NAME = "$(TARGET_NAME)";
			};
			name = Debug;
		};
		741990341CC777B800F55FFC /* Release */ = {
			isa = XCBuildConfiguration;
			baseConfigurationReference = 51ADBA23A68CE7443CE03206 /* Pods-weather.release.xcconfig */;
			buildSettings = {
				ASSETCATALOG_COMPILER_APPICON_NAME = AppIcon;
				INFOPLIST_FILE = weather/Info.plist;
				LD_RUNPATH_SEARCH_PATHS = "$(inherited) @executable_path/Frameworks";
				PRODUCT_BUNDLE_IDENTIFIER = com.weather;
				PRODUCT_NAME = "$(TARGET_NAME)";
			};
			name = Release;
		};
/* End XCBuildConfiguration section */

/* Begin XCConfigurationList section */
		741990161CC777B800F55FFC /* Build configuration list for PBXProject "weather" */ = {
			isa = XCConfigurationList;
			buildConfigurations = (
				741990301CC777B800F55FFC /* Debug */,
				741990311CC777B800F55FFC /* Release */,
			);
			defaultConfigurationIsVisible = 0;
			defaultConfigurationName = Release;
		};
		741990321CC777B800F55FFC /* Build configuration list for PBXNativeTarget "weather" */ = {
			isa = XCConfigurationList;
			buildConfigurations = (
				741990331CC777B800F55FFC /* Debug */,
				741990341CC777B800F55FFC /* Release */,
			);
			defaultConfigurationIsVisible = 0;
			defaultConfigurationName = Release;
		};
/* End XCConfigurationList section */
	};
	rootObject = 741990131CC777B800F55FFC /* Project object */;
}
